
Microsoft Visual Studio Solution File, Format Version 12.00
# Visual Studio Version 17
VisualStudioVersion = 17.5.33424.131
MinimumVisualStudioVersion = 10.0.40219.1
Project("{FAE04EC0-301F-11D3-BF4B-00C04F79EFBC}") = "Implementations", "Implementations\Implementations.csproj", "{28C93454-4C10-4A68-B80D-4AA564F30973}"
EndProject
Global
	GlobalSection(SolutionConfigurationPlatforms) = preSolution
		Debug|Any CPU = Debug|Any CPU
		Release|Any CPU = Release|Any CPU
	EndGlobalSection
	GlobalSection(ProjectConfigurationPlatforms) = postSolution
		{28C93454-4C10-4A68-B80D-4AA564F30973}.Debug|Any CPU.ActiveCfg = Debug|Any CPU
		{28C93454-4C10-4A68-B80D-4AA564F30973}.Debug|Any CPU.Build.0 = Debug|Any CPU
		{28C93454-4C10-4A68-B80D-4AA564F30973}.Release|Any CPU.ActiveCfg = Release|Any CPU
		{28C93454-4C10-4A68-B80D-4AA564F30973}.Release|Any CPU.Build.0 = Release|Any CPU
	EndGlobalSection
	GlobalSection(SolutionProperties) = preSolution
		HideSolutionNode = FALSE
	EndGlobalSection
	GlobalSection(ExtensibilityGlobals) = postSolution
		SolutionGuid = {6F599D3B-706B-4648-8EB2-FA71630A868D}
	EndGlobalSection
EndGlobal
